
Microsoft Visual Studio Solution File, Format Version 12.00
# Visual Studio Version 16
VisualStudioVersion = 16.0.29911.84
MinimumVisualStudioVersion = 10.0.40219.1
Project("{FAE04EC0-301F-11D3-BF4B-00C04F79EFBC}") = "templater", "templater\templater.csproj", "{D2BBDDA6-C6EA-4596-8219-5C89B9659C51}"
EndProject
Global
	GlobalSection(SolutionConfigurationPlatforms) = preSolution
		Debug|Any CPU = Debug|Any CPU
		Release|Any CPU = Release|Any CPU
	EndGlobalSection
	GlobalSection(ProjectConfigurationPlatforms) = postSolution
		{D2BBDDA6-C6EA-4596-8219-5C89B9659C51}.Debug|Any CPU.ActiveCfg = Debug|Any CPU
		{D2BBDDA6-C6EA-4596-8219-5C89B9659C51}.Debug|Any CPU.Build.0 = Debug|Any CPU
		{D2BBDDA6-C6EA-4596-8219-5C89B9659C51}.Release|Any CPU.ActiveCfg = Release|Any CPU
		{D2BBDDA6-C6EA-4596-8219-5C89B9659C51}.Release|Any CPU.Build.0 = Release|Any CPU
	EndGlobalSection
	GlobalSection(SolutionProperties) = preSolution
		HideSolutionNode = FALSE
	EndGlobalSection
	GlobalSection(ExtensibilityGlobals) = postSolution
		SolutionGuid = {03B777CD-6FB1-43AA-8776-0CFB7D17333C}
	EndGlobalSection
EndGlobal
